lockfileVersion: '9.0'

settings:
  autoInstallPeers: true
  excludeLinksFromLockfile: false

importers:

  .:
    devDependencies:
      rimraf:
        specifier: ^6.0.1
        version: 6.1.3
      turbo:
        specifier: ^2.5.0
        version: 2.8.16
      typescript:
        specifier: ^5.8.2
        version: 5.9.3

  packages/shared:
    dependencies:
      zod:
        specifier: ^3.25.76
        version: 3.25.76

packages:

  balanced-match@4.0.4:
    resolution: {integrity: sha512-BLrgEcRTwX2o6gGxGOCNyMvGSp35YofuYzw9h1IMTRmKqttAZZVU67bdb9Pr2vUHA8+j3i2tJfjO6C6+4myGTA==}
    engines: {node: 18 || 20 || >=22}

  brace-expansion@5.0.4:
    resolution: {integrity: sha512-h+DEnpVvxmfVefa4jFbCf5HdH5YMDXRsmKflpf1pILZWRFlTbJpxeU55nJl4Smt5HQaGzg1o6RHFPJaOqnmBDg==}
    engines: {node: 18 || 20 || >=22}

  glob@13.0.6:
    resolution: {integrity: sha512-Wjlyrolmm8uDpm/ogGyXZXb1Z+Ca2B8NbJwqBVg0axK9GbBeoS7yGV6vjXnYdGm6X53iehEuxxbyiKp8QmN4Vw==}
    engines: {node: 18 || 20 || >=22}

  lru-cache@11.2.6:
    resolution: {integrity: sha512-ESL2CrkS/2wTPfuend7Zhkzo2u0daGJ/A2VucJOgQ/C48S/zB8MMeMHSGKYpXhIjbPxfuezITkaBH1wqv00DDQ==}
    engines: {node: 20 || >=22}

  minimatch@10.2.4:
    resolution: {integrity: sha512-oRjTw/97aTBN0RHbYCdtF1MQfvusSIBQM0IZEgzl6426+8jSC0nF1a/GmnVLpfB9yyr6g6FTqWqiZVbxrtaCIg==}
    engines: {node: 18 || 20 || >=22}

  minipass@7.1.3:
    resolution: {integrity: sha512-tEBHqDnIoM/1rXME1zgka9g6Q2lcoCkxHLuc7ODJ5BxbP5d4c2Z5cGgtXAku59200Cx7diuHTOYfSBD8n6mm8A==}
    engines: {node: '>=16 || 14 >=14.17'}

  package-json-from-dist@1.0.1:
    resolution: {integrity: sha512-UEZIS3/by4OC8vL3P2dTXRETpebLI2NiI5vIrjaD/5UtrkFX/tNbwjTSRAGC/+7CAo2pIcBaRgWmcBBHcsaCIw==}

  path-scurry@2.0.2:
    resolution: {integrity: sha512-3O/iVVsJAPsOnpwWIeD+d6z/7PmqApyQePUtCndjatj/9I5LylHvt5qluFaBT3I5h3r1ejfR056c+FCv+NnNXg==}
    engines: {node: 18 || 20 || >=22}

  rimraf@6.1.3:
    resolution: {integrity: sha512-LKg+Cr2ZF61fkcaK1UdkH2yEBBKnYjTyWzTJT6KNPcSPaiT7HSdhtMXQuN5wkTX0Xu72KQ1l8S42rlmexS2hSA==}
    engines: {node: 20 || >=22}
    hasBin: true

  turbo-darwin-64@2.8.16:
    resolution: {integrity: sha512-KWa4hUMWrpADC6Q/wIHRkBLw6X6MV9nx6X7hSXbTrrMz0KdaKhmfudUZ3sS76bJFmgArBU25cSc0AUyyrswYxg==}
    cpu: [x64]
    os: [darwin]

  turbo-darwin-arm64@2.8.16:
    resolution: {integrity: sha512-NBgaqBDLQSZlJR4D5XCkQq6noaO0RvIgwm5eYFJYL3bH5dNu8o0UBpq7C5DYnQI8+ybyoHFjT5/icN4LeUYLow==}
    cpu: [arm64]
    os: [darwin]

  turbo-linux-64@2.8.16:
    resolution: {integrity: sha512-VYPdcCRevI9kR/hr1H1xwXy7QQt/jNKiim1e1mjANBXD2E9VZWMkIL74J1Huad5MbU3/jw7voHOqDPLJPC2p6w==}
    cpu: [x64]
    os: [linux]

  turbo-linux-arm64@2.8.16:
    resolution: {integrity: sha512-beq8tgUVI3uwkQkXJMiOr/hfxQRw54M3elpBwqgYFfemiK5LhCjjcwO0DkE8GZZfElBIlk+saMAQOZy3885wNQ==}
    cpu: [arm64]
    os: [linux]

  turbo-windows-64@2.8.16:
    resolution: {integrity: sha512-Ig7b46iUgiOIkea/D3Z7H+zNzvzSnIJcLYFpZLA0RxbUTrbLhv9qIPwv3pT9p/abmu0LXVKHxaOo+p26SuDhzw==}
    cpu: [x64]
    os: [win32]

  turbo-windows-arm64@2.8.16:
    resolution: {integrity: sha512-fOWjbEA2PiE2HEnFQrwNZKYEdjewyPc2no9GmrXklZnTCuMsxeCN39aVlKpKpim03Zq/ykIuvApGwq8ZbfS2Yw==}
    cpu: [arm64]
    os: [win32]

  turbo@2.8.16:
    resolution: {integrity: sha512-u6e9e3cTTpE2adQ1DYm3A3r8y3LAONEx1jYvJx6eIgSY4bMLxIxs0riWzI0Z/IK903ikiUzRPZ2c1Ph5lVLkhA==}
    hasBin: true

  typescript@5.9.3:
    resolution: {integrity: sha512-jl1vZzPDinLr9eUt3J/t7V6FgNEw9QjvBPdysz9KfQDD41fQrC2Y4vKQdiaUpFT4bXlb1RHhLpp8wtm6M5TgSw==}
    engines: {node: '>=14.17'}
    hasBin: true

  zod@3.25.76:
    resolution: {integrity: sha512-gzUt/qt81nXsFGKIFcC3YnfEAx5NkunCfnDlvuBSSFS02bcXu4Lmea0AFIUwbLWxWPx3d9p8S5QoaujKcNQxcQ==}

snapshots:

  balanced-match@4.0.4: {}

  brace-expansion@5.0.4:
    dependencies:
      balanced-match: 4.0.4

  glob@13.0.6:
    dependencies:
      minimatch: 10.2.4
      minipass: 7.1.3
      path-scurry: 2.0.2

  lru-cache@11.2.6: {}

  minimatch@10.2.4:
    dependencies:
      brace-expansion: 5.0.4

  minipass@7.1.3: {}

  package-json-from-dist@1.0.1: {}

  path-scurry@2.0.2:
    dependencies:
      lru-cache: 11.2.6
      minipass: 7.1.3

  rimraf@6.1.3:
    dependencies:
      glob: 13.0.6
      package-json-from-dist: 1.0.1

  turbo-darwin-64@2.8.16:
    optional: true

  turbo-darwin-arm64@2.8.16:
    optional: true

  turbo-linux-64@2.8.16:
    optional: true

  turbo-linux-arm64@2.8.16:
    optional: true

  turbo-windows-64@2.8.16:
    optional: true

  turbo-windows-arm64@2.8.16:
    optional: true

  turbo@2.8.16:
    optionalDependencies:
      turbo-darwin-64: 2.8.16
      turbo-darwin-arm64: 2.8.16
      turbo-linux-64: 2.8.16
      turbo-linux-arm64: 2.8.16
      turbo-windows-64: 2.8.16
      turbo-windows-arm64: 2.8.16

  typescript@5.9.3: {}

  zod@3.25.76: {}
